// !$*UTF8*$!
{
	archiveVersion = 1;
	classes = {
	};
	objectVersion = 56;
	objects = {

/* Begin PBXBuildFile section */
		3FDE67BC2B0C90A800CCEB1D /* TikTokCloneApp.swift in Sources */ = {isa = PBXBuildFile; fileRef = 3FDE67BB2B0C90A800CCEB1D /* TikTokCloneApp.swift */; };
		3FDE67BE2B0C90A800CCEB1D /* ContentView.swift in Sources */ = {isa = PBXBuildFile; fileRef = 3FDE67BD2B0C90A800CCEB1D /* ContentView.swift */; };
		3FDE67C02B0C90A900CCEB1D /* Assets.xcassets in Resources */ = {isa = PBXBuildFile; fileRef = 3FDE67BF2B0C90A900CCEB1D /* Assets.xcassets */; };
		3FDE67C32B0C90A900CCEB1D /* Preview Assets.xcassets in Resources */ = {isa = PBXBuildFile; fileRef = 3FDE67C22B0C90A900CCEB1D /* Preview Assets.xcassets */; };
		3FDE67DB2B0C933E00CCEB1D /* MainTabView.swift in Sources */ = {isa = PBXBuildFile; fileRef = 3FDE67DA2B0C933E00CCEB1D /* MainTabView.swift */; };
		3FDE67DD2B0C98F600CCEB1D /* FeedView.swift in Sources */ = {isa = PBXBuildFile; fileRef = 3FDE67DC2B0C98F600CCEB1D /* FeedView.swift */; };
		3FDE67E02B0C9A6200CCEB1D /* FeedCell.swift in Sources */ = {isa = PBXBuildFile; fileRef = 3FDE67DF2B0C9A6200CCEB1D /* FeedCell.swift */; };
		3FDE67E22B0C9E6400CCEB1D /* ExploreView.swift in Sources */ = {isa = PBXBuildFile; fileRef = 3FDE67E12B0C9E6400CCEB1D /* ExploreView.swift */; };
		3FDE67E42B0C9E7B00CCEB1D /* UserCell.swift in Sources */ = {isa = PBXBuildFile; fileRef = 3FDE67E32B0C9E7B00CCEB1D /* UserCell.swift */; };
		3FDE67E62B0CCD3100CCEB1D /* NotificationsView.swift in Sources */ = {isa = PBXBuildFile; fileRef = 3FDE67E52B0CCD3100CCEB1D /* NotificationsView.swift */; };
		3FDE67E82B0CCD3C00CCEB1D /* NotificationCell.swift in Sources */ = {isa = PBXBuildFile; fileRef = 3FDE67E72B0CCD3C00CCEB1D /* NotificationCell.swift */; };
		3FDE67EA2B0CD02700CCEB1D /* CurrentUserProfileView.swift in Sources */ = {isa = PBXBuildFile; fileRef = 3FDE67E92B0CD02700CCEB1D /* CurrentUserProfileView.swift */; };
		3FDE67EC2B0CD08E00CCEB1D /* ProfileHeaderView.swift in Sources */ = {isa = PBXBuildFile; fileRef = 3FDE67EB2B0CD08E00CCEB1D /* ProfileHeaderView.swift */; };
		3FDE67EE2B0CD09500CCEB1D /* PostGridView.swift in Sources */ = {isa = PBXBuildFile; fileRef = 3FDE67ED2B0CD09500CCEB1D /* PostGridView.swift */; };
		3FDE67F22B0CD28300CCEB1D /* UserStatView.swift in Sources */ = {isa = PBXBuildFile; fileRef = 3FDE67F12B0CD28300CCEB1D /* UserStatView.swift */; };
		3FDE67F42B0CD7DF00CCEB1D /* Post.swift in Sources */ = {isa = PBXBuildFile; fileRef = 3FDE67F32B0CD7DF00CCEB1D /* Post.swift */; };
		3FDE67F92B0CD84700CCEB1D /* FeedViewModel.swift in Sources */ = {isa = PBXBuildFile; fileRef = 3FDE67F82B0CD84700CCEB1D /* FeedViewModel.swift */; };
		3FDE67FB2B0CE3EB00CCEB1D /* CustomVideoPlayer.swift in Sources */ = {isa = PBXBuildFile; fileRef = 3FDE67FA2B0CE3EB00CCEB1D /* CustomVideoPlayer.swift */; };
/* End PBXBuildFile section */

/* Begin PBXFileReference section */
		3FDE67B82B0C90A800CCEB1D /* TikTokClone.app */ = {isa = PBXFileReference; explicitFileType = wrapper.application; includeInIndex = 0; path = TikTokClone.app; sourceTree = BUILT_PRODUCTS_DIR; };
		3FDE67BB2B0C90A800CCEB1D /* TikTokCloneApp.swift */ = {isa = PBXFileReference; lastKnownFileType = sourcecode.swift; path = TikTokCloneApp.swift; sourceTree = "<group>"; };
		3FDE67BD2B0C90A800CCEB1D /* ContentView.swift */ = {isa = PBXFileReference; lastKnownFileType = sourcecode.swift; path = ContentView.swift; sourceTree = "<group>"; };
		3FDE67BF2B0C90A900CCEB1D /* Assets.xcassets */ = {isa = PBXFileReference; lastKnownFileType = folder.assetcatalog; path = Assets.xcassets; sourceTree = "<group>"; };
		3FDE67C22B0C90A900CCEB1D /* Preview Assets.xcassets */ = {isa = PBXFileReference; lastKnownFileType = folder.assetcatalog; path = "Preview Assets.xcassets"; sourceTree = "<group>"; };
		3FDE67DA2B0C933E00CCEB1D /* MainTabView.swift */ = {isa = PBXFileReference; lastKnownFileType = sourcecode.swift; path = MainTabView.swift; sourceTree = "<group>"; };
		3FDE67DC2B0C98F600CCEB1D /* FeedView.swift */ = {isa = PBXFileReference; lastKnownFileType = sourcecode.swift; path = FeedView.swift; sourceTree = "<group>"; };
		3FDE67DF2B0C9A6200CCEB1D /* FeedCell.swift */ = {isa = PBXFileReference; lastKnownFileType = sourcecode.swift; path = FeedCell.swift; sourceTree = "<group>"; };
		3FDE67E12B0C9E6400CCEB1D /* ExploreView.swift */ = {isa = PBXFileReference; lastKnownFileType = sourcecode.swift; path = ExploreView.swift; sourceTree = "<group>"; };
		3FDE67E32B0C9E7B00CCEB1D /* UserCell.swift */ = {isa = PBXFileReference; lastKnownFileType = sourcecode.swift; path = UserCell.swift; sourceTree = "<group>"; };
		3FDE67E52B0CCD3100CCEB1D /* NotificationsView.swift */ = {isa = PBXFileReference; lastKnownFileType = sourcecode.swift; path = NotificationsView.swift; sourceTree = "<group>"; };
		3FDE67E72B0CCD3C00CCEB1D /* NotificationCell.swift */ = {isa = PBXFileReference; lastKnownFileType = sourcecode.swift; path = NotificationCell.swift; sourceTree = "<group>"; };
		3FDE67E92B0CD02700CCEB1D /* CurrentUserProfileView.swift */ = {isa = PBXFileReference; lastKnownFileType = sourcecode.swift; path = CurrentUserProfileView.swift; sourceTree = "<group>"; };
		3FDE67EB2B0CD08E00CCEB1D /* ProfileHeaderView.swift */ = {isa = PBXFileReference; lastKnownFileType = sourcecode.swift; path = ProfileHeaderView.swift; sourceTree = "<group>"; };
		3FDE67ED2B0CD09500CCEB1D /* PostGridView.swift */ = {isa = PBXFileReference; lastKnownFileType = sourcecode.swift; path = PostGridView.swift; sourceTree = "<group>"; };
		3FDE67F12B0CD28300CCEB1D /* UserStatView.swift */ = {isa = PBXFileReference; lastKnownFileType = sourcecode.swift; path = UserStatView.swift; sourceTree = "<group>"; };
		3FDE67F32B0CD7DF00CCEB1D /* Post.swift */ = {isa = PBXFileReference; lastKnownFileType = sourcecode.swift; path = Post.swift; sourceTree = "<group>"; };
		3FDE67F82B0CD84700CCEB1D /* FeedViewModel.swift */ = {isa = PBXFileReference; lastKnownFileType = sourcecode.swift; path = FeedViewModel.swift; sourceTree = "<group>"; };
		3FDE67FA2B0CE3EB00CCEB1D /* CustomVideoPlayer.swift */ = {isa = PBXFileReference; lastKnownFileType = sourcecode.swift; path = CustomVideoPlayer.swift; sourceTree = "<group>"; };
/* End PBXFileReference section */

/* Begin PBXFrameworksBuildPhase section */
		3FDE67B52B0C90A800CCEB1D /* Frameworks */ = {
			isa = PBXFrameworksBuildPhase;
			buildActionMask = 2147483647;
			files = (
			);
			runOnlyForDeploymentPostprocessing = 0;
		};
/* End PBXFrameworksBuildPhase section */

/* Begin PBXGroup section */
		3FDE67AF2B0C90A800CCEB1D = {
			isa = PBXGroup;
			children = (
				3FDE67BA2B0C90A800CCEB1D /* TikTokClone */,
				3FDE67B92B0C90A800CCEB1D /* Products */,
			);
			sourceTree = "<group>";
		};
		3FDE67B92B0C90A800CCEB1D /* Products */ = {
			isa = PBXGroup;
			children = (
				3FDE67B82B0C90A800CCEB1D /* TikTokClone.app */,
			);
			name = Products;
			sourceTree = "<group>";
		};
		3FDE67BA2B0C90A800CCEB1D /* TikTokClone */ = {
			isa = PBXGroup;
			children = (
				3FDE67CE2B0C90D500CCEB1D /* App */,
				3FDE67CD2B0C90D400CCEB1D /* Core */,
				3FDE67CC2B0C90D300CCEB1D /* Extensions */,
				3FDE67CB2B0C90D100CCEB1D /* Model */,
				3FDE67CA2B0C90D000CCEB1D /* Services */,
				3FDE67C92B0C90C900CCEB1D /* Utils */,
				3FDE67BF2B0C90A900CCEB1D /* Assets.xcassets */,
				3FDE67C12B0C90A900CCEB1D /* Preview Content */,
			);
			path = TikTokClone;
			sourceTree = "<group>";
		};
		3FDE67C12B0C90A900CCEB1D /* Preview Content */ = {
			isa = PBXGroup;
			children = (
				3FDE67C22B0C90A900CCEB1D /* Preview Assets.xcassets */,
			);
			path = "Preview Content";
			sourceTree = "<group>";
		};
		3FDE67C92B0C90C900CCEB1D /* Utils */ = {
			isa = PBXGroup;
			children = (
			);
			path = Utils;
			sourceTree = "<group>";
		};
		3FDE67CA2B0C90D000CCEB1D /* Services */ = {
			isa = PBXGroup;
			children = (
			);
			path = Services;
			sourceTree = "<group>";
		};
		3FDE67CB2B0C90D100CCEB1D /* Model */ = {
			isa = PBXGroup;
			children = (
				3FDE67F32B0CD7DF00CCEB1D /* Post.swift */,
			);
			path = Model;
			sourceTree = "<group>";
		};
		3FDE67CC2B0C90D300CCEB1D /* Extensions */ = {
			isa = PBXGroup;
			children = (
			);
			path = Extensions;
			sourceTree = "<group>";
		};
		3FDE67CD2B0C90D400CCEB1D /* Core */ = {
			isa = PBXGroup;
			children = (
				3FDE67D92B0C914000CCEB1D /* Authentication */,
				3FDE67D82B0C913E00CCEB1D /* Comments */,
				3FDE67D72B0C913D00CCEB1D /* Components */,
				3FDE67D62B0C913B00CCEB1D /* Feed */,
				3FDE67D52B0C913700CCEB1D /* Notifications */,
				3FDE67D42B0C913400CCEB1D /* Profile */,
				3FDE67D32B0C913300CCEB1D /* Root */,
				3FDE67D22B0C913100CCEB1D /* Search */,
				3FDE67D12B0C912F00CCEB1D /* TabBar */,
				3FDE67D02B0C911F00CCEB1D /* UploadMedia */,
			);
			path = Core;
			sourceTree = "<group>";
		};
		3FDE67CE2B0C90D500CCEB1D /* App */ = {
			isa = PBXGroup;
			children = (
				3FDE67BB2B0C90A800CCEB1D /* TikTokCloneApp.swift */,
			);
			path = App;
			sourceTree = "<group>";
		};
		3FDE67D02B0C911F00CCEB1D /* UploadMedia */ = {
			isa = PBXGroup;
			children = (
			);
			path = UploadMedia;
			sourceTree = "<group>";
		};
		3FDE67D12B0C912F00CCEB1D /* TabBar */ = {
			isa = PBXGroup;
			children = (
				3FDE67DA2B0C933E00CCEB1D /* MainTabView.swift */,
			);
			path = TabBar;
			sourceTree = "<group>";
		};
		3FDE67D22B0C913100CCEB1D /* Search */ = {
			isa = PBXGroup;
			children = (
				3FDE67E12B0C9E6400CCEB1D /* ExploreView.swift */,
				3FDE67E32B0C9E7B00CCEB1D /* UserCell.swift */,
			);
			path = Search;
			sourceTree = "<group>";
		};
		3FDE67D32B0C913300CCEB1D /* Root */ = {
			isa = PBXGroup;
			children = (
				3FDE67BD2B0C90A800CCEB1D /* ContentView.swift */,
			);
			path = Root;
			sourceTree = "<group>";
		};
		3FDE67D42B0C913400CCEB1D /* Profile */ = {
			isa = PBXGroup;
			children = (
				3FDE67F02B0CD25B00CCEB1D /* View */,
				3FDE67EF2B0CD24B00CCEB1D /* Components */,
			);
			path = Profile;
			sourceTree = "<group>";
		};
		3FDE67D52B0C913700CCEB1D /* Notifications */ = {
			isa = PBXGroup;
			children = (
				3FDE67E52B0CCD3100CCEB1D /* NotificationsView.swift */,
				3FDE67E72B0CCD3C00CCEB1D /* NotificationCell.swift */,
			);
			path = Notifications;
			sourceTree = "<group>";
		};
		3FDE67D62B0C913B00CCEB1D /* Feed */ = {
			isa = PBXGroup;
			children = (
				3FDE67F72B0CD83000CCEB1D /* Service */,
				3FDE67F62B0CD81E00CCEB1D /* View */,
				3FDE67F52B0CD81700CCEB1D /* ViewModel */,
			);
			path = Feed;
			sourceTree = "<group>";
		};
		3FDE67D72B0C913D00CCEB1D /* Components */ = {
			isa = PBXGroup;
			children = (
				3FDE67FA2B0CE3EB00CCEB1D /* CustomVideoPlayer.swift */,
			);
			path = Components;
			sourceTree = "<group>";
		};
		3FDE67D82B0C913E00CCEB1D /* Comments */ = {
			isa = PBXGroup;
			children = (
			);
			path = Comments;
			sourceTree = "<group>";
		};
		3FDE67D92B0C914000CCEB1D /* Authentication */ = {
			isa = PBXGroup;
			children = (
			);
			path = Authentication;
			sourceTree = "<group>";
		};
		3FDE67EF2B0CD24B00CCEB1D /* Components */ = {
			isa = PBXGroup;
			children = (
				3FDE67ED2B0CD09500CCEB1D /* PostGridView.swift */,
				3FDE67EB2B0CD08E00CCEB1D /* ProfileHeaderView.swift */,
				3FDE67F12B0CD28300CCEB1D /* UserStatView.swift */,
			);
			path = Components;
			sourceTree = "<group>";
		};
		3FDE67F02B0CD25B00CCEB1D /* View */ = {
			isa = PBXGroup;
			children = (
				3FDE67E92B0CD02700CCEB1D /* CurrentUserProfileView.swift */,
			);
			path = View;
			sourceTree = "<group>";
		};
		3FDE67F52B0CD81700CCEB1D /* ViewModel */ = {
			isa = PBXGroup;
			children = (
				3FDE67F82B0CD84700CCEB1D /* FeedViewModel.swift */,
			);
			path = ViewModel;
			sourceTree = "<group>";
		};
		3FDE67F62B0CD81E00CCEB1D /* View */ = {
			isa = PBXGroup;
			children = (
				3FDE67DC2B0C98F600CCEB1D /* FeedView.swift */,
				3FDE67DF2B0C9A6200CCEB1D /* FeedCell.swift */,
			);
			path = View;
			sourceTree = "<group>";
		};
		3FDE67F72B0CD83000CCEB1D /* Service */ = {
			isa = PBXGroup;
			children = (
			);
			path = Service;
			sourceTree = "<group>";
		};
/* End PBXGroup section */

/* Begin PBXNativeTarget section */
		3FDE67B72B0C90A800CCEB1D /* TikTokClone */ = {
			isa = PBXNativeTarget;
			buildConfigurationList = 3FDE67C62B0C90A900CCEB1D /* Build configuration list for PBXNativeTarget "TikTokClone" */;
			buildPhases = (
				3FDE67B42B0C90A800CCEB1D /* Sources */,
				3FDE67B52B0C90A800CCEB1D /* Frameworks */,
				3FDE67B62B0C90A800CCEB1D /* Resources */,
			);
			buildRules = (
			);
			dependencies = (
			);
			name = TikTokClone;
			productName = TikTokClone;
			productReference = 3FDE67B82B0C90A800CCEB1D /* TikTokClone.app */;
			productType = "com.apple.product-type.application";
		};
/* End PBXNativeTarget section */

/* Begin PBXProject section */
		3FDE67B02B0C90A800CCEB1D /* Project object */ = {
			isa = PBXProject;
			attributes = {
				BuildIndependentTargetsInParallel = 1;
				LastSwiftUpdateCheck = 1500;
				LastUpgradeCheck = 1500;
				TargetAttributes = {
					3FDE67B72B0C90A800CCEB1D = {
						CreatedOnToolsVersion = 15.0.1;
					};
				};
			};
			buildConfigurationList = 3FDE67B32B0C90A800CCEB1D /* Build configuration list for PBXProject "TikTokClone" */;
			compatibilityVersion = "Xcode 14.0";
			developmentRegion = en;
			hasScannedForEncodings = 0;
			knownRegions = (
				en,
				Base,
			);
			mainGroup = 3FDE67AF2B0C90A800CCEB1D;
			productRefGroup = 3FDE67B92B0C90A800CCEB1D /* Products */;
			projectDirPath = "";
			projectRoot = "";
			targets = (
				3FDE67B72B0C90A800CCEB1D /* TikTokClone */,
			);
		};
/* End PBXProject section */

/* Begin PBXResourcesBuildPhase section */
		3FDE67B62B0C90A800CCEB1D /* Resources */ = {
			isa = PBXResourcesBuildPhase;
			buildActionMask = 2147483647;
			files = (
				3FDE67C32B0C90A900CCEB1D /* Preview Assets.xcassets in Resources */,
				3FDE67C02B0C90A900CCEB1D /* Assets.xcassets in Resources */,
			);
			runOnlyForDeploymentPostprocessing = 0;
		};
/* End PBXResourcesBuildPhase section */

/* Begin PBXSourcesBuildPhase section */
		3FDE67B42B0C90A800CCEB1D /* Sources */ = {
			isa = PBXSourcesBuildPhase;
			buildActionMask = 2147483647;
			files = (
				3FDE67DD2B0C98F600CCEB1D /* FeedView.swift in Sources */,
				3FDE67FB2B0CE3EB00CCEB1D /* CustomVideoPlayer.swift in Sources */,
				3FDE67E82B0CCD3C00CCEB1D /* NotificationCell.swift in Sources */,
				3FDE67EC2B0CD08E00CCEB1D /* ProfileHeaderView.swift in Sources */,
				3FDE67F22B0CD28300CCEB1D /* UserStatView.swift in Sources */,
				3FDE67E02B0C9A6200CCEB1D /* FeedCell.swift in Sources */,
				3FDE67F92B0CD84700CCEB1D /* FeedViewModel.swift in Sources */,
				3FDE67F42B0CD7DF00CCEB1D /* Post.swift in Sources */,
				3FDE67BE2B0C90A800CCEB1D /* ContentView.swift in Sources */,
				3FDE67BC2B0C90A800CCEB1D /* TikTokCloneApp.swift in Sources */,
				3FDE67E22B0C9E6400CCEB1D /* ExploreView.swift in Sources */,
				3FDE67DB2B0C933E00CCEB1D /* MainTabView.swift in Sources */,
				3FDE67EE2B0CD09500CCEB1D /* PostGridView.swift in Sources */,
				3FDE67EA2B0CD02700CCEB1D /* CurrentUserProfileView.swift in Sources */,
				3FDE67E42B0C9E7B00CCEB1D /* UserCell.swift in Sources */,
				3FDE67E62B0CCD3100CCEB1D /* NotificationsView.swift in Sources */,
			);
			runOnlyForDeploymentPostprocessing = 0;
		};
/* End PBXSourcesBuildPhase section */

/* Begin XCBuildConfiguration section */
		3FDE67C42B0C90A900CCEB1D /* Debug */ = {
			isa = XCBuildConfiguration;
			buildSettings = {
				ALWAYS_SEARCH_USER_PATHS = NO;
				ASSETCATALOG_COMPILER_GENERATE_SWIFT_ASSET_SYMBOL_EXTENSIONS = YES;
				CLANG_ANALYZER_NONNULL = YES;
				CLANG_ANALYZER_NUMBER_OBJECT_CONVERSION = YES_AGGRESSIVE;
				CLANG_CXX_LANGUAGE_STANDARD = "gnu++20";
				CLANG_ENABLE_MODULES = YES;
				CLANG_ENABLE_OBJC_ARC = YES;
				CLANG_ENABLE_OBJC_WEAK = YES;
				CLANG_WARN_BLOCK_CAPTURE_AUTORELEASING = YES;
				CLANG_WARN_BOOL_CONVERSION = YES;
				CLANG_WARN_COMMA = YES;
				CLANG_WARN_CONSTANT_CONVERSION = YES;
				CLANG_WARN_DEPRECATED_OBJC_IMPLEMENTATIONS = YES;
				CLANG_WARN_DIRECT_OBJC_ISA_USAGE = YES_ERROR;
				CLANG_WARN_DOCUMENTATION_COMMENTS = YES;
				CLANG_WARN_EMPTY_BODY = YES;
				CLANG_WARN_ENUM_CONVERSION = YES;
				CLANG_WARN_INFINITE_RECURSION = YES;
				CLANG_WARN_INT_CONVERSION = YES;
				CLANG_WARN_NON_LITERAL_NULL_CONVERSION = YES;
				CLANG_WARN_OBJC_IMPLICIT_RETAIN_SELF = YES;
				CLANG_WARN_OBJC_LITERAL_CONVERSION = YES;
				CLANG_WARN_OBJC_ROOT_CLASS = YES_ERROR;
				CLANG_WARN_QUOTED_INCLUDE_IN_FRAMEWORK_HEADER = YES;
				CLANG_WARN_RANGE_LOOP_ANALYSIS = YES;
				CLANG_WARN_STRICT_PROTOTYPES = YES;
				CLANG_WARN_SUSPICIOUS_MOVE = YES;
				CLANG_WARN_UNGUARDED_AVAILABILITY = YES_AGGRESSIVE;
				CLANG_WARN_UNREACHABLE_CODE = YES;
				CLANG_WARN__DUPLICATE_METHOD_MATCH = YES;
				COPY_PHASE_STRIP = NO;
				DEBUG_INFORMATION_FORMAT = dwarf;
				ENABLE_STRICT_OBJC_MSGSEND = YES;
				ENABLE_TESTABILITY = YES;
				ENABLE_USER_SCRIPT_SANDBOXING = YES;
				GCC_C_LANGUAGE_STANDARD = gnu17;
				GCC_DYNAMIC_NO_PIC = NO;
				GCC_NO_COMMON_BLOCKS = YES;
				GCC_OPTIMIZATION_LEVEL = 0;
				GCC_PREPROCESSOR_DEFINITIONS = (
					"DEBUG=1",
					"$(inherited)",
				);
				GCC_WARN_64_TO_32_BIT_CONVERSION = YES;
				GCC_WARN_ABOUT_RETURN_TYPE = YES_ERROR;
				GCC_WARN_UNDECLARED_SELECTOR = YES;
				GCC_WARN_UNINITIALIZED_AUTOS = YES_AGGRESSIVE;
				GCC_WARN_UNUSED_FUNCTION = YES;
				GCC_WARN_UNUSED_VARIABLE = YES;
				IPHONEOS_DEPLOYMENT_TARGET = 17.0;
				LOCALIZATION_PREFERS_STRING_CATALOGS = YES;
				MTL_ENABLE_DEBUG_INFO = INCLUDE_SOURCE;
				MTL_FAST_MATH = YES;
				ONLY_ACTIVE_ARCH = YES;
				SDKROOT = iphoneos;
				SWIFT_ACTIVE_COMPILATION_CONDITIONS = "DEBUG $(inherited)";
				SWIFT_OPTIMIZATION_LEVEL = "-Onone";
			};
			name = Debug;
		};
		3FDE67C52B0C90A900CCEB1D /* Release */ = {
			isa = XCBuildConfiguration;
			buildSettings = {
				ALWAYS_SEARCH_USER_PATHS = NO;
				ASSETCATALOG_COMPILER_GENERATE_SWIFT_ASSET_SYMBOL_EXTENSIONS = YES;
				CLANG_ANALYZER_NONNULL = YES;
				CLANG_ANALYZER_NUMBER_OBJECT_CONVERSION = YES_AGGRESSIVE;
				CLANG_CXX_LANGUAGE_STANDARD = "gnu++20";
				CLANG_ENABLE_MODULES = YES;
				CLANG_ENABLE_OBJC_ARC = YES;
				CLANG_ENABLE_OBJC_WEAK = YES;
				CLANG_WARN_BLOCK_CAPTURE_AUTORELEASING = YES;
				CLANG_WARN_BOOL_CONVERSION = YES;
				CLANG_WARN_COMMA = YES;
				CLANG_WARN_CONSTANT_CONVERSION = YES;
				CLANG_WARN_DEPRECATED_OBJC_IMPLEMENTATIONS = YES;
				CLANG_WARN_DIRECT_OBJC_ISA_USAGE = YES_ERROR;
				CLANG_WARN_DOCUMENTATION_COMMENTS = YES;
				CLANG_WARN_EMPTY_BODY = YES;
				CLANG_WARN_ENUM_CONVERSION = YES;
				CLANG_WARN_INFINITE_RECURSION = YES;
				CLANG_WARN_INT_CONVERSION = YES;
				CLANG_WARN_NON_LITERAL_NULL_CONVERSION = YES;
				CLANG_WARN_OBJC_IMPLICIT_RETAIN_SELF = YES;
				CLANG_WARN_OBJC_LITERAL_CONVERSION = YES;
				CLANG_WARN_OBJC_ROOT_CLASS = YES_ERROR;
				CLANG_WARN_QUOTED_INCLUDE_IN_FRAMEWORK_HEADER = YES;
				CLANG_WARN_RANGE_LOOP_ANALYSIS = YES;
				CLANG_WARN_STRICT_PROTOTYPES = YES;
				CLANG_WARN_SUSPICIOUS_MOVE = YES;
				CLANG_WARN_UNGUARDED_AVAILABILITY = YES_AGGRESSIVE;
				CLANG_WARN_UNREACHABLE_CODE = YES;
				CLANG_WARN__DUPLICATE_METHOD_MATCH = YES;
				COPY_PHASE_STRIP = NO;
				DEBUG_INFORMATION_FORMAT = "dwarf-with-dsym";
				ENABLE_NS_ASSERTIONS = NO;
				ENABLE_STRICT_OBJC_MSGSEND = YES;
				ENABLE_USER_SCRIPT_SANDBOXING = YES;
				GCC_C_LANGUAGE_STANDARD = gnu17;
				GCC_NO_COMMON_BLOCKS = YES;
				GCC_WARN_64_TO_32_BIT_CONVERSION = YES;
				GCC_WARN_ABOUT_RETURN_TYPE = YES_ERROR;
				GCC_WARN_UNDECLARED_SELECTOR = YES;
				GCC_WARN_UNINITIALIZED_AUTOS = YES_AGGRESSIVE;
				GCC_WARN_UNUSED_FUNCTION = YES;
				GCC_WARN_UNUSED_VARIABLE = YES;
				IPHONEOS_DEPLOYMENT_TARGET = 17.0;
				LOCALIZATION_PREFERS_STRING_CATALOGS = YES;
				MTL_ENABLE_DEBUG_INFO = NO;
				MTL_FAST_MATH = YES;
				SDKROOT = iphoneos;
				SWIFT_COMPILATION_MODE = wholemodule;
				VALIDATE_PRODUCT = YES;
			};
			name = Release;
		};
		3FDE67C72B0C90A900CCEB1D /* Debug */ = {
			isa = XCBuildConfiguration;
			buildSettings = {
				ASSETCATALOG_COMPILER_APPICON_NAME = AppIcon;
				ASSETCATALOG_COMPILER_GLOBAL_ACCENT_COLOR_NAME = AccentColor;
				CODE_SIGN_STYLE = Automatic;
				CURRENT_PROJECT_VERSION = 1;
				DEVELOPMENT_ASSET_PATHS = "\"TikTokClone/Preview Content\"";
				DEVELOPMENT_TEAM = Y7NBK67TU5;
				ENABLE_PREVIEWS = YES;
				GENERATE_INFOPLIST_FILE = YES;
				INFOPLIST_KEY_UIApplicationSceneManifest_Generation = YES;
				INFOPLIST_KEY_UIApplicationSupportsIndirectInputEvents = YES;
				INFOPLIST_KEY_UILaunchScreen_Generation = YES;
				INFOPLIST_KEY_UISupportedInterfaceOrientations_iPad = "UIInterfaceOrientationPortrait UIInterfaceOrientationPortraitUpsideDown UIInterfaceOrientationLandscapeLeft UIInterfaceOrientationLandscapeRight";
				INFOPLIST_KEY_UISupportedInterfaceOrientations_iPhone = "UIInterfaceOrientationPortrait UIInterfaceOrientationLandscapeLeft UIInterfaceOrientationLandscapeRight";
				LD_RUNPATH_SEARCH_PATHS = (
					"$(inherited)",
					"@executable_path/Frameworks",
				);
				MARKETING_VERSION = 1.0;
				PRODUCT_BUNDLE_IDENTIFIER = com.halilyas.TikTokClone;
				PRODUCT_NAME = "$(TARGET_NAME)";
				SWIFT_EMIT_LOC_STRINGS = YES;
				SWIFT_VERSION = 5.0;
				TARGETED_DEVICE_FAMILY = "1,2";
			};
			name = Debug;
		};
		3FDE67C82B0C90A900CCEB1D /* Release */ = {
			isa = XCBuildConfiguration;
			buildSettings = {
				ASSETCATALOG_COMPILER_APPICON_NAME = AppIcon;
				ASSETCATALOG_COMPILER_GLOBAL_ACCENT_COLOR_NAME = AccentColor;
				CODE_SIGN_STYLE = Automatic;
				CURRENT_PROJECT_VERSION = 1;
				DEVELOPMENT_ASSET_PATHS = "\"TikTokClone/Preview Content\"";
				DEVELOPMENT_TEAM = Y7NBK67TU5;
				ENABLE_PREVIEWS = YES;
				GENERATE_INFOPLIST_FILE = YES;
				INFOPLIST_KEY_UIApplicationSceneManifest_Generation = YES;
				INFOPLIST_KEY_UIApplicationSupportsIndirectInputEvents = YES;
				INFOPLIST_KEY_UILaunchScreen_Generation = YES;
				INFOPLIST_KEY_UISupportedInterfaceOrientations_iPad = "UIInterfaceOrientationPortrait UIInterfaceOrientationPortraitUpsideDown UIInterfaceOrientationLandscapeLeft UIInterfaceOrientationLandscapeRight";
				INFOPLIST_KEY_UISupportedInterfaceOrientations_iPhone = "UIInterfaceOrientationPortrait UIInterfaceOrientationLandscapeLeft UIInterfaceOrientationLandscapeRight";
				LD_RUNPATH_SEARCH_PATHS = (
					"$(inherited)",
					"@executable_path/Frameworks",
				);
				MARKETING_VERSION = 1.0;
				PRODUCT_BUNDLE_IDENTIFIER = com.halilyas.TikTokClone;
				PRODUCT_NAME = "$(TARGET_NAME)";
				SWIFT_EMIT_LOC_STRINGS = YES;
				SWIFT_VERSION = 5.0;
				TARGETED_DEVICE_FAMILY = "1,2";
			};
			name = Release;
		};
/* End XCBuildConfiguration section */

/* Begin XCConfigurationList section */
		3FDE67B32B0C90A800CCEB1D /* Build configuration list for PBXProject "TikTokClone" */ = {
			isa = XCConfigurationList;
			buildConfigurations = (
				3FDE67C42B0C90A900CCEB1D /* Debug */,
				3FDE67C52B0C90A900CCEB1D /* Release */,
			);
			defaultConfigurationIsVisible = 0;
			defaultConfigurationName = Release;
		};
		3FDE67C62B0C90A900CCEB1D /* Build configuration list for PBXNativeTarget "TikTokClone" */ = {
			isa = XCConfigurationList;
			buildConfigurations = (
				3FDE67C72B0C90A900CCEB1D /* Debug */,
				3FDE67C82B0C90A900CCEB1D /* Release */,
			);
			defaultConfigurationIsVisible = 0;
			defaultConfigurationName = Release;
		};
/* End XCConfigurationList section */
	};
	rootObject = 3FDE67B02B0C90A800CCEB1D /* Project object */;
}
